# imports.lock — DO NOT EDIT MANUALLY
# Generated by scripts/vendor-skill.sh
schema_version: 1
last_updated: "2026-03-21T11:32:48Z"

vendors:
  - name: superpowers
    version: "v5.0.5"
    source: "https://github.com/obra/superpowers"
    commit: "7e516434f2a30114300efc9247db32fb37daa5f9"
    content_hash: "sha256:e4ba3741599fa8f4a16c18f27c7a86b3205ae3180372c3d09d8cf6df75603b6e"
    vendor_path: "./vendor/superpowers-v5.0.5"
    license: "MIT"
    quality_check:
      passed: true
      checked_at: "2026-03-21"
      last_upstream_commit: "2026-03-17"
    skills:
      - name: brainstorming
        path: "skills/brainstorming/SKILL.md"
        hash: "sha256:58353e42ac33396a4b3cc62e69df35f3d3f1d18e60877bf39d492c77dc6a928d"
      - name: dispatching-parallel-agents
        path: "skills/dispatching-parallel-agents/SKILL.md"
        hash: "sha256:76806091c7f923ba2596546b19cccd98a08e57a68745df77c3a7b998fe838e2b"
      - name: executing-plans
        path: "skills/executing-plans/SKILL.md"
        hash: "sha256:a711f83fb762e2ea0fa151f598893da9911a408895c91cc7a7e0770dd59a27b3"
      - name: finishing-a-development-branch
        path: "skills/finishing-a-development-branch/SKILL.md"
        hash: "sha256:dd2f82c6dc8582b621f9eb57fcb65f557f88eadf872727ac81d0840ae12c504e"
      - name: receiving-code-review
        path: "skills/receiving-code-review/SKILL.md"
        hash: "sha256:c9382e92b8f32363566068ecfed19d3b2651eaf40d3942b24840f839dedfc406"
      - name: requesting-code-review
        path: "skills/requesting-code-review/SKILL.md"
        hash: "sha256:a5ff68586ccf62d1803cedeb71d60fd96ec05591d29c8d123196117eefd34cd0"
      - name: subagent-driven-development
        path: "skills/subagent-driven-development/SKILL.md"
        hash: "sha256:081ad3869e55c80bf8f890b4768a90c0e8057daf94b1b6fadebfc85ea5b8304a"
      - name: systematic-debugging
        path: "skills/systematic-debugging/SKILL.md"
        hash: "sha256:4999cb851360485eca5074e727bbdd62ef20549c5d5b01216fcbf5831badb473"
      - name: test-driven-development
        path: "skills/test-driven-development/SKILL.md"
        hash: "sha256:7dee67b4af6bdccc7a914ca34533184d64592d0f5b23aeae631538168db14994"
      - name: using-git-worktrees
        path: "skills/using-git-worktrees/SKILL.md"
        hash: "sha256:de9dcde34840eee074047ec327d4ea6ca4954c5a73a6d874dc48f25fe46c9e7c"
      - name: using-superpowers
        path: "skills/using-superpowers/SKILL.md"
        hash: "sha256:5fa548a85ce639dc6a2ea53607f9d405363c9b935004d0d95dc16e9629752d00"
      - name: verification-before-completion
        path: "skills/verification-before-completion/SKILL.md"
        hash: "sha256:ea52d15aabaf72bc6b558efe2c126f161b53961090ddcd712000273bfe8c7b6c"
      - name: writing-plans
        path: "skills/writing-plans/SKILL.md"
        hash: "sha256:d936159ad11f2e79ba8ae8b8653f87bb924ddaf78ae11dc3a424b4032ad1bd23"
      - name: writing-skills
        path: "skills/writing-skills/SKILL.md"
        hash: "sha256:d83a09d6a1c6976f6cc2f40addeae653a4a6eb5903097ebc365d90242e00e379"
  - name: skills
    version: "main"
    source: "https://github.com/anthropics/skills"
    commit: "b0cbd3df1533b396d281a6886d5132f623393a9c"
    content_hash: "sha256:6f753e50cad7b011bb3d64765aa5e9a1bbfcbf65c29485466e5d5d351c45d4a2"
    vendor_path: "./vendor/skills-main"
    license: "unknown"
    quality_check:
      passed: true
      checked_at: "2026-03-21"
      last_upstream_commit: "2026-03-06"
    skills:
      - name: algorithmic-art
        path: "skills/algorithmic-art/SKILL.md"
        hash: "sha256:3bc4092c09804853186524c826bc0621b940bb6122c05b84496dff95388e6eef"
      - name: brand-guidelines
        path: "skills/brand-guidelines/SKILL.md"
        hash: "sha256:1120b3769e2985cefb3d25be981b1f914abeba57ae079b83c20c666c164fa9fe"
      - name: canvas-design
        path: "skills/canvas-design/SKILL.md"
        hash: "sha256:a1f288079624402f30682753c1d43920b6664785698d21d3e7aa197450a6448b"
      - name: claude-api
        path: "skills/claude-api/SKILL.md"
        hash: "sha256:1ec3d558d3364ac7f768471055ded521f95bdb0f3e7239be9e4c8e0b219c587e"
      - name: doc-coauthoring
        path: "skills/doc-coauthoring/SKILL.md"
        hash: "sha256:2e47d78846faeea4a56e9809c52700087a15a2155a3f293a3efbaded81398ef4"
      - name: docx
        path: "skills/docx/SKILL.md"
        hash: "sha256:cfbabd72b1aec7dfaad988fb6e5e16b27dc744b9a00cae15db9045e95f53903e"
      - name: frontend-design
        path: "skills/frontend-design/SKILL.md"
        hash: "sha256:b81e2ff87ed8fa4d6c377ccb127a7254c9e6a77e3ae94f21e6b514f7bb2945a0"
      - name: internal-comms
        path: "skills/internal-comms/SKILL.md"
        hash: "sha256:067b7587a344a928fc6534ef66b1bcd591fc7c26d207ea7ca3334aeb678d6475"
      - name: mcp-builder
        path: "skills/mcp-builder/SKILL.md"
        hash: "sha256:0f4592dcb53cf2b5d6b7febee6b4152018b565551a1c29e3c612f57b218ab295"
      - name: pdf
        path: "skills/pdf/SKILL.md"
        hash: "sha256:9f78b8359fbd4943ad260a7a1e436e5a96503406d6c34e99f69223d647d85b9c"
      - name: pptx
        path: "skills/pptx/SKILL.md"
        hash: "sha256:e5b0df918cbe9d62508b3cf808d73899633f82fc19f6258a25ef9f0de7e62125"
      - name: skill-creator
        path: "skills/skill-creator/SKILL.md"
        hash: "sha256:dcd4803e61e913e6fc27294184cd3a71f09f5e924ff20c8a9a20173e7b3c2bcf"
      - name: slack-gif-creator
        path: "skills/slack-gif-creator/SKILL.md"
        hash: "sha256:2efca615ce55a3edd8fc05c779068a8085816617991987e446606403cd3abb22"
      - name: theme-factory
        path: "skills/theme-factory/SKILL.md"
        hash: "sha256:c35893e221e28895c52143cc11bf30e41a44817796b39d4b15727dadc9796552"
      - name: web-artifacts-builder
        path: "skills/web-artifacts-builder/SKILL.md"
        hash: "sha256:81c5002c6643b0de7b8710b00e7a9038daa6fb9b68d59870ee6adb12da8d10f8"
      - name: webapp-testing
        path: "skills/webapp-testing/SKILL.md"
        hash: "sha256:51b7349e77ec63b7744a6f63647e7566a0b4d2e301121cc10e8c2113af6556a2"
      - name: xlsx
        path: "skills/xlsx/SKILL.md"
        hash: "sha256:dd316db7785a6be12966c2a2d848931fbf5f518b3cdb0a66fa62ee835ead1cfc"
  - name: agent-browse
    version: "main"
    source: "https://github.com/browserbase/agent-browse"
    commit: "62a03ce0bd86eb57da81e5f19fc57ee887236a42"
    content_hash: "sha256:e3b0c44298fc1c149afbf4c8996fb92427ae41e4649b934ca495991b7852b855"
    vendor_path: "./vendor/agent-browse-main"
    license: "unknown"
    quality_check:
      passed: false
      checked_at: "2026-03-21"
      last_upstream_commit: "2026-03-20"
    skills:
  - name: workflows
    version: "main"
    source: "https://github.com/wshobson/agents"
    commit: "1ad2f007d5e9"
    content_hash: "sha256:5c1fb68e06f8685c421bbc789859c599542ae7e562b9f61d1bf5a544807fffd3"
    vendor_path: "./vendor/workflows-main"
    license: "MIT"
    quality_check:
      passed: true
      checked_at: "2026-03-21"
      last_upstream_commit: "2026-03-17"
    skills_count: 146
    plugins_count: 33
  - name: official-plugins
    version: "2026-03-21"
    source: "https://claude.com/plugins"
    content_hash: "sha256:4901b1b7053a5eccb5e9096cc0a7948713e859d5e2e8d93c32b4d151381f1e5d"
    vendor_path: "./vendor/official-plugins"
    license: "Mixed"
    quality_check:
      passed: true
      checked_at: "2026-03-21"
    content:
      skills: 345
      agents: 43
      commands: 90
      plugins: 66
