# imports.lock — DO NOT EDIT MANUALLY
# Generated by scripts/vendor-skill.sh
schema_version: 1
last_updated: "2026-03-21T14:00:00Z"

vendors:
  - name: superpowers
    version: "v5.0.5"
    source: "https://github.com/obra/superpowers"
    commit: "7e516434f2a30114300efc9247db32fb37daa5f9"
    content_hash: "sha256:e4ba3741599fa8f4a16c18f27c7a86b3205ae3180372c3d09d8cf6df75603b6e"
    vendor_path: "./vendor/superpowers-v5.0.5"
    license: "MIT"
    quality_check:
      passed: true
      checked_at: "2026-03-21"
      last_upstream_commit: "2026-03-17"
    skills:
      - name: brainstorming
        path: "skills/brainstorming/SKILL.md"
        hash: "sha256:58353e42ac33396a4b3cc62e69df35f3d3f1d18e60877bf39d492c77dc6a928d"
      - name: dispatching-parallel-agents
        path: "skills/dispatching-parallel-agents/SKILL.md"
        hash: "sha256:76806091c7f923ba2596546b19cccd98a08e57a68745df77c3a7b998fe838e2b"
      - name: executing-plans
        path: "skills/executing-plans/SKILL.md"
        hash: "sha256:a711f83fb762e2ea0fa151f598893da9911a408895c91cc7a7e0770dd59a27b3"
      - name: finishing-a-development-branch
        path: "skills/finishing-a-development-branch/SKILL.md"
        hash: "sha256:dd2f82c6dc8582b621f9eb57fcb65f557f88eadf872727ac81d0840ae12c504e"
      - name: receiving-code-review
        path: "skills/receiving-code-review/SKILL.md"
        hash: "sha256:c9382e92b8f32363566068ecfed19d3b2651eaf40d3942b24840f839dedfc406"
      - name: requesting-code-review
        path: "skills/requesting-code-review/SKILL.md"
        hash: "sha256:a5ff68586ccf62d1803cedeb71d60fd96ec05591d29c8d123196117eefd34cd0"
      - name: subagent-driven-development
        path: "skills/subagent-driven-development/SKILL.md"
        hash: "sha256:081ad3869e55c80bf8f890b4768a90c0e8057daf94b1b6fadebfc85ea5b8304a"
      - name: systematic-debugging
        path: "skills/systematic-debugging/SKILL.md"
        hash: "sha256:4999cb851360485eca5074e727bbdd62ef20549c5d5b01216fcbf5831badb473"
      - name: test-driven-development
        path: "skills/test-driven-development/SKILL.md"
        hash: "sha256:7dee67b4af6bdccc7a914ca34533184d64592d0f5b23aeae631538168db14994"
      - name: using-git-worktrees
        path: "skills/using-git-worktrees/SKILL.md"
        hash: "sha256:de9dcde34840eee074047ec327d4ea6ca4954c5a73a6d874dc48f25fe46c9e7c"
      - name: using-superpowers
        path: "skills/using-superpowers/SKILL.md"
        hash: "sha256:5fa548a85ce639dc6a2ea53607f9d405363c9b935004d0d95dc16e9629752d00"
      - name: verification-before-completion
        path: "skills/verification-before-completion/SKILL.md"
        hash: "sha256:ea52d15aabaf72bc6b558efe2c126f161b53961090ddcd712000273bfe8c7b6c"
      - name: writing-plans
        path: "skills/writing-plans/SKILL.md"
        hash: "sha256:d936159ad11f2e79ba8ae8b8653f87bb924ddaf78ae11dc3a424b4032ad1bd23"
      - name: writing-skills
        path: "skills/writing-skills/SKILL.md"
        hash: "sha256:d83a09d6a1c6976f6cc2f40addeae653a4a6eb5903097ebc365d90242e00e379"
  - name: skills
    version: "main"
    source: "https://github.com/anthropics/skills"
    commit: "b0cbd3df1533b396d281a6886d5132f623393a9c"
    content_hash: "sha256:6f753e50cad7b011bb3d64765aa5e9a1bbfcbf65c29485466e5d5d351c45d4a2"
    vendor_path: "./vendor/skills-main"
    license: "unknown"
    quality_check:
      passed: true
      checked_at: "2026-03-21"
      last_upstream_commit: "2026-03-06"
    skills:
      - name: algorithmic-art
        path: "skills/algorithmic-art/SKILL.md"
        hash: "sha256:3bc4092c09804853186524c826bc0621b940bb6122c05b84496dff95388e6eef"
      - name: brand-guidelines
        path: "skills/brand-guidelines/SKILL.md"
        hash: "sha256:1120b3769e2985cefb3d25be981b1f914abeba57ae079b83c20c666c164fa9fe"
      - name: canvas-design
        path: "skills/canvas-design/SKILL.md"
        hash: "sha256:a1f288079624402f30682753c1d43920b6664785698d21d3e7aa197450a6448b"
      - name: claude-api
        path: "skills/claude-api/SKILL.md"
        hash: "sha256:1ec3d558d3364ac7f768471055ded521f95bdb0f3e7239be9e4c8e0b219c587e"
      - name: doc-coauthoring
        path: "skills/doc-coauthoring/SKILL.md"
        hash: "sha256:2e47d78846faeea4a56e9809c52700087a15a2155a3f293a3efbaded81398ef4"
      - name: docx
        path: "skills/docx/SKILL.md"
        hash: "sha256:cfbabd72b1aec7dfaad988fb6e5e16b27dc744b9a00cae15db9045e95f53903e"
      - name: frontend-design
        path: "skills/frontend-design/SKILL.md"
        hash: "sha256:b81e2ff87ed8fa4d6c377ccb127a7254c9e6a77e3ae94f21e6b514f7bb2945a0"
      - name: internal-comms
        path: "skills/internal-comms/SKILL.md"
        hash: "sha256:067b7587a344a928fc6534ef66b1bcd591fc7c26d207ea7ca3334aeb678d6475"
      - name: mcp-builder
        path: "skills/mcp-builder/SKILL.md"
        hash: "sha256:0f4592dcb53cf2b5d6b7febee6b4152018b565551a1c29e3c612f57b218ab295"
      - name: pdf
        path: "skills/pdf/SKILL.md"
        hash: "sha256:9f78b8359fbd4943ad260a7a1e436e5a96503406d6c34e99f69223d647d85b9c"
      - name: pptx
        path: "skills/pptx/SKILL.md"
        hash: "sha256:e5b0df918cbe9d62508b3cf808d73899633f82fc19f6258a25ef9f0de7e62125"
      - name: skill-creator
        path: "skills/skill-creator/SKILL.md"
        hash: "sha256:dcd4803e61e913e6fc27294184cd3a71f09f5e924ff20c8a9a20173e7b3c2bcf"
      - name: slack-gif-creator
        path: "skills/slack-gif-creator/SKILL.md"
        hash: "sha256:2efca615ce55a3edd8fc05c779068a8085816617991987e446606403cd3abb22"
      - name: theme-factory
        path: "skills/theme-factory/SKILL.md"
        hash: "sha256:c35893e221e28895c52143cc11bf30e41a44817796b39d4b15727dadc9796552"
      - name: web-artifacts-builder
        path: "skills/web-artifacts-builder/SKILL.md"
        hash: "sha256:81c5002c6643b0de7b8710b00e7a9038daa6fb9b68d59870ee6adb12da8d10f8"
      - name: webapp-testing
        path: "skills/webapp-testing/SKILL.md"
        hash: "sha256:51b7349e77ec63b7744a6f63647e7566a0b4d2e301121cc10e8c2113af6556a2"
      - name: xlsx
        path: "skills/xlsx/SKILL.md"
        hash: "sha256:dd316db7785a6be12966c2a2d848931fbf5f518b3cdb0a66fa62ee835ead1cfc"
  - name: aikido
    version: "latest"
    source: "https://claude.com/plugins/aikido"
    snapshot_date: "2026-03-21"
    vendor_path: "./vendor/aikido-latest"
    license: "See individual files"
    quality_check:
      passed: true
      checked_at: "2026-03-21"
    skills:
      - name: scan
        path: "skills/scan/SKILL.md"
        hash: "sha256:9c30e88f0bf9626c621635dd5885ba27a0936a2f29e91f83da60cec452abd178"
      - name: setup
        path: "skills/setup/SKILL.md"
        hash: "sha256:a5cfdb4b2714d6c9144e5431aef6756fe8adf49daddf6082cab669da171b685d"
  - name: atlassian
    version: "latest"
    source: "https://claude.com/plugins/atlassian"
    snapshot_date: "2026-03-21"
    vendor_path: "./vendor/atlassian-latest"
    license: "See LICENSE file"
    quality_check:
      passed: true
      checked_at: "2026-03-21"
    skills:
      - name: capture-tasks-from-meeting-notes
        path: "skills/capture-tasks-from-meeting-notes/SKILL.md"
        hash: "sha256:44940f580f884976f74dd416b2267a7c8dad9718526158596d51fa8781079707"
      - name: generate-status-report
        path: "skills/generate-status-report/SKILL.md"
        hash: "sha256:d5548b058a8454a1545003091e4acbea6b2fb0f3ac222b08550e6daa9aafe443"
      - name: search-company-knowledge
        path: "skills/search-company-knowledge/SKILL.md"
        hash: "sha256:580f5c5f5b66968a394e56b5f92a99cb28a88396f1af6618991ca746cefc591d"
      - name: spec-to-backlog
        path: "skills/spec-to-backlog/SKILL.md"
        hash: "sha256:082876467b45a40e86cc617dbcd1eecf9044c3ff63367cfb62b6dccb51cf440d"
      - name: triage-issue
        path: "skills/triage-issue/SKILL.md"
        hash: "sha256:4ce1808138ea8871e5a113e4f7b7ae28dc8e78a36df4cb7c87f9666c20620e0c"
  - name: chrome-devtools
    version: "latest"
    source: "https://claude.com/plugins/chrome-devtools"
    snapshot_date: "2026-03-21"
    vendor_path: "./vendor/chrome-devtools-latest"
    license: "See LICENSE file"
    quality_check:
      passed: true
      checked_at: "2026-03-21"
    skills:
      - name: a11y-debugging
        path: "skills/a11y-debugging/SKILL.md"
        hash: "sha256:f2ee15c98641fd101275fcfe25083de0fe38f0d2145c17d6fcbe11d454b1d286"
      - name: chrome-devtools
        path: "skills/chrome-devtools/SKILL.md"
        hash: "sha256:3fb1cdc33e3f484cf1445b452cad0b70ca4e5a34bb50b0c5e174440727a343a6"
      - name: chrome-devtools-cli
        path: "skills/chrome-devtools-cli/SKILL.md"
        hash: "sha256:57189a12a0b40fe09ceb5e78022382d4c6f3347880f74c90a745f5be39889be4"
      - name: debug-optimize-lcp
        path: "skills/debug-optimize-lcp/SKILL.md"
        hash: "sha256:47813dff4b3943138345b775c6f610c7cbe0621b08b57dfbdc15459f497db55b"
      - name: troubleshooting
        path: "skills/troubleshooting/SKILL.md"
        hash: "sha256:b12e5163b89f714cbaa2c886b750f7a079a00f9625e70b44fe2db812bf5b9e53"
  - name: coderabbit
    version: "latest"
    source: "https://claude.com/plugins/coderabbit"
    snapshot_date: "2026-03-21"
    vendor_path: "./vendor/coderabbit-latest"
    license: "See LICENSE file"
    quality_check:
      passed: true
      checked_at: "2026-03-21"
    skills:
      - name: autofix
        path: "skills/autofix/SKILL.md"
        hash: "sha256:6f0aeca190177d628b7250bab65582d5ba811c46f9b306f2df83e8753bfdf4d7"
      - name: code-review
        path: "skills/code-review/SKILL.md"
        hash: "sha256:c811028b4faf4076f76d78cbd11b490c565a9a15b7c260195566b6414a3f5447"
  - name: figma
    version: "latest"
    source: "https://claude.com/plugins/figma"
    snapshot_date: "2026-03-21"
    vendor_path: "./vendor/figma-latest"
    license: "See individual files"
    quality_check:
      passed: true
      checked_at: "2026-03-21"
    skills:
      - name: code-connect-components
        path: "skills/code-connect-components/SKILL.md"
        hash: "sha256:6fd880ececc87509f04502e976af3414a8fdad497b19864a05eb6a9885cde810"
      - name: create-design-system-rules
        path: "skills/create-design-system-rules/SKILL.md"
        hash: "sha256:c2a27e07672176bacddbcf004975b60237077e9cdfd18dd03a0500d8b085d0d9"
      - name: implement-design
        path: "skills/implement-design/SKILL.md"
        hash: "sha256:8eed282f173196053d3864a69c7fb6d02ea3fc3ad990f1349feba04919f5ccb6"
  - name: huggingface
    version: "latest"
    source: "https://claude.com/plugins/huggingface"
    snapshot_date: "2026-03-21"
    vendor_path: "./vendor/huggingface-latest"
    license: "See LICENSE file"
    quality_check:
      passed: true
      checked_at: "2026-03-21"
    skills:
      - name: hf-cli
        path: "skills/hf-cli/SKILL.md"
        hash: "sha256:cf4e55f6c098e90626e0f7bf7c1b1471514d3c5b9b560bd44c875d82965a9747"
      - name: hf-mcp
        path: "skills/hf-mcp/SKILL.md"
        hash: "sha256:4cd99f2f6fabc5d87eac1b9e9bb2278d8348eca3621c2120599dede8d6b66eb4"
      - name: hugging-face-dataset-viewer
        path: "skills/hugging-face-dataset-viewer/SKILL.md"
        hash: "sha256:9d0598f5fd25118f83ea005aa7bf577f17b3b45c9ef7ec448ac4c2e6095a2b48"
      - name: hugging-face-datasets
        path: "skills/hugging-face-datasets/SKILL.md"
        hash: "sha256:ca8fb141e351ff7bd0ae81992d5219a23649cc7497ee012ac785f636cf233c0b"
      - name: hugging-face-evaluation
        path: "skills/hugging-face-evaluation/SKILL.md"
        hash: "sha256:1f9d6f6beb51118fa68dbec7664d040bc1d29678d8bdd81108c756e1a4250a17"
      - name: hugging-face-jobs
        path: "skills/hugging-face-jobs/SKILL.md"
        hash: "sha256:e4572214f82a9301708930bd3fe77dab6526ec376a824601fd590ea92d93ded9"
      - name: hugging-face-model-trainer
        path: "skills/hugging-face-model-trainer/SKILL.md"
        hash: "sha256:db13a2bc6b8f35fd3c618479acb4edfe65d0bb3d376f0231a2eb1eceb7077e17"
      - name: hugging-face-paper-pages
        path: "skills/hugging-face-paper-pages/SKILL.md"
        hash: "sha256:a8958cbbc1598fda4eca95a85b7d85378620403d8e07f9e5241f726eebc65610"
      - name: hugging-face-paper-publisher
        path: "skills/hugging-face-paper-publisher/SKILL.md"
        hash: "sha256:c0450a18c6c798c33295c10488f735d4771998d3b4366b2236e8a777598cf845"
      - name: hugging-face-tool-builder
        path: "skills/hugging-face-tool-builder/SKILL.md"
        hash: "sha256:ad8ea7af44a94503c52859696c1828046688ceb71fda4361725fcd64e7aeaa82"
      - name: hugging-face-trackio
        path: "skills/hugging-face-trackio/SKILL.md"
        hash: "sha256:0d0654cc659bca435bb4b278ff7f1d6c2978caebed1adb5b01dcf5a69286ca2b"
      - name: hugging-face-vision-trainer
        path: "skills/hugging-face-vision-trainer/SKILL.md"
        hash: "sha256:5eeed94628ced6b759a265102186329768e0e18d01a54362ffe711fa228bd37f"
      - name: huggingface-gradio
        path: "skills/huggingface-gradio/SKILL.md"
        hash: "sha256:4efdbe6670297c26456043af8568733a36c12e5bb6df15b38967f19555075a99"
      - name: transformers.js
        path: "skills/transformers.js/SKILL.md"
        hash: "sha256:03e5039f7f68644ee894a066ae2c3a6a27b025746c16c945d9926b594e48744f"
  - name: mcp-server-dev
    version: "latest"
    source: "https://claude.com/plugins/mcp-server-dev"
    snapshot_date: "2026-03-21"
    vendor_path: "./vendor/mcp-server-dev-latest"
    license: "See individual files"
    quality_check:
      passed: true
      checked_at: "2026-03-21"
    skills:
      - name: build-mcp-app
        path: "skills/build-mcp-app/SKILL.md"
        hash: "sha256:e30e4a1090485320a13301a1294c3a16bfa62195ab1f2c22550cb4caa995a4e0"
      - name: build-mcp-server
        path: "skills/build-mcp-server/SKILL.md"
        hash: "sha256:fe990c4a45216eb331d4439d23aa6ce97f43ef33be12118e7021efce25a50e59"
      - name: build-mcpb
        path: "skills/build-mcpb/SKILL.md"
        hash: "sha256:f3c04fbc9912f51e140e69b06b47638bc42b5f2057716c6d92b78c275ffe6c1f"
  - name: nightvision
    version: "latest"
    source: "https://claude.com/plugins/nightvision"
    snapshot_date: "2026-03-21"
    vendor_path: "./vendor/nightvision-latest"
    license: "See LICENSE file"
    quality_check:
      passed: true
      checked_at: "2026-03-21"
    skills:
      - name: api-discovery
        path: "skills/api-discovery/SKILL.md"
        hash: "sha256:d6ecbff2291b78387a34bbe9cd84aa3ec65f179f4bce013636e5c956e342a397"
      - name: ci-cd-integration
        path: "skills/ci-cd-integration/SKILL.md"
        hash: "sha256:21b183cfb44b8be95d3c6a62c9e74ebbcd1fb236498fcdc48ba216143dffe823"
      - name: scan-configuration
        path: "skills/scan-configuration/SKILL.md"
        hash: "sha256:30eb643b8986d8e454955c306ae2d5631938fb44b1a862f7e76673d48fee079d"
      - name: scan-triage
        path: "skills/scan-triage/SKILL.md"
        hash: "sha256:264e01deeeff918fae42ae3ee4c5f2d19029377ca8b9433776751c5c411b2334"
  - name: notion
    version: "latest"
    source: "https://claude.com/plugins/notion"
    snapshot_date: "2026-03-21"
    vendor_path: "./vendor/notion-latest"
    license: "See individual files"
    quality_check:
      passed: true
      checked_at: "2026-03-21"
    skills:
      - name: knowledge-capture
        path: "skills/knowledge-capture/SKILL.md"
        hash: "sha256:42e8c7634c25c59155ec04c5451da7ca34c5711084c53625fdf37b4af9bf0d19"
      - name: meeting-intelligence
        path: "skills/meeting-intelligence/SKILL.md"
        hash: "sha256:8abefc02d5e25ceab841d7bbad5b14da3e4e05ba468cbd0f457a1466e4fd27fd"
      - name: research-documentation
        path: "skills/research-documentation/SKILL.md"
        hash: "sha256:05175c669c1fabc5234eeae647219caadd84703d718af64fafd246e9e3c130a6"
      - name: spec-to-implementation
        path: "skills/spec-to-implementation/SKILL.md"
        hash: "sha256:76c035adf07dba1a05b471194071ae495518c118af1a7541a6faf81701b5d1cb"
  - name: opsera
    version: "latest"
    source: "https://claude.com/plugins/opsera"
    snapshot_date: "2026-03-21"
    vendor_path: "./vendor/opsera-latest"
    license: "See individual files"
    quality_check:
      passed: true
      checked_at: "2026-03-21"
    skills:
      - name: architecture-analyze
        path: "skills/architecture-analyze/SKILL.md"
        hash: "sha256:fa2a950623451cef572ff847d868f3f919524b3ae9c6473bf2adb6287978509c"
      - name: compliance-audit
        path: "skills/compliance-audit/SKILL.md"
        hash: "sha256:f5ac4d02b16cdc2d0c1dda9acec113d4732d32ccf1630b94228388b914b56e07"
      - name: pre-commit-scan
        path: "skills/pre-commit-scan/SKILL.md"
        hash: "sha256:9544167598ce9dd3a96b0cee7420fc936ec8c98f09e22a49b5a7a53225e4b79b"
      - name: security-scan
        path: "skills/security-scan/SKILL.md"
        hash: "sha256:31b90a4b1b5fd85a4e0adbe228567ae79947ecc73804abc0b5b07f1ca5880ec6"
      - name: sql-security
        path: "skills/sql-security/SKILL.md"
        hash: "sha256:518cf1ab9857c9685adeeccc6b763835cfdb3dfc3997eb6863fbbc8631e036cb"
  - name: pinecone
    version: "latest"
    source: "https://claude.com/plugins/pinecone"
    snapshot_date: "2026-03-21"
    vendor_path: "./vendor/pinecone-latest"
    license: "See LICENSE file"
    quality_check:
      passed: true
      checked_at: "2026-03-21"
    skills:
      - name: assistant
        path: "skills/assistant/SKILL.md"
        hash: "sha256:226f163673c4f307654df5f02b073d9683530be0b418d5b42ff70686258fba46"
      - name: cli
        path: "skills/cli/SKILL.md"
        hash: "sha256:f8e9572bec9463aad0d3dfcb41944b70c80e2e68d1743f007f099d1bc5052592"
      - name: docs
        path: "skills/docs/SKILL.md"
        hash: "sha256:4898471ee44130fb3b5c0df2e1d3d4e4faca77489203adf9fd1cfc8aab573573"
      - name: help
        path: "skills/help/SKILL.md"
        hash: "sha256:11a6040756f3022509f4587bbd78d41e0722087b089e22058b2314ddda76a31e"
      - name: mcp
        path: "skills/mcp/SKILL.md"
        hash: "sha256:f7c0d254efedf98b7e18d49e4cdaee98f7d9bbb16e5877771d68de93c9cfd0b3"
      - name: query
        path: "skills/query/SKILL.md"
        hash: "sha256:fee820dc303a0dd96be52ca48250bbf1ce2c9133ac3611a730100a913eed0aeb"
      - name: quickstart
        path: "skills/quickstart/SKILL.md"
        hash: "sha256:c33e916b411ac7d36599d1ee51adeaac1a6a762a74e885e33badfb993c46ea17"
  - name: posthog
    version: "latest"
    source: "https://claude.com/plugins/posthog"
    snapshot_date: "2026-03-21"
    vendor_path: "./vendor/posthog-latest"
    license: "See individual files"
    quality_check:
      passed: true
      checked_at: "2026-03-21"
    skills:
      - name: posthog-instrumentation
        path: "skills/posthog-instrumentation/SKILL.md"
        hash: "sha256:d32a621b3b099a099eb154a8b6c51b61275ba8a114ca08d6ff907f80c983f273"
  - name: qodo
    version: "latest"
    source: "https://claude.com/plugins/qodo"
    snapshot_date: "2026-03-21"
    vendor_path: "./vendor/qodo-latest"
    license: "See LICENSE file"
    quality_check:
      passed: true
      checked_at: "2026-03-21"
    skills:
      - name: qodo-get-relevant-rules
        path: "skills/qodo-get-relevant-rules/SKILL.md"
        hash: "sha256:b4f7980245dc0970ee311f6f61579c56e433c4000c0e406d60736fe6dc93e8c9"
      - name: qodo-get-rules
        path: "skills/qodo-get-rules/SKILL.md"
        hash: "sha256:65171ff52f7ec000e910414348d62dc608d9532b82552f8e84d7d5a56f53d9b2"
      - name: qodo-pr-resolver
        path: "skills/qodo-pr-resolver/SKILL.md"
        hash: "sha256:3bdbf0df3a9cc23a6fe12c23864f2fa3799c52599d0aa0d17f9b8c577df9c334"
  - name: sentry
    version: "latest"
    source: "https://claude.com/plugins/sentry"
    snapshot_date: "2026-03-21"
    vendor_path: "./vendor/sentry-latest"
    license: "See LICENSE file"
    quality_check:
      passed: true
      checked_at: "2026-03-21"
    skills:
      - name: sentry-android-sdk
        path: "skills/sentry-android-sdk/SKILL.md"
        hash: "sha256:c5f75ef6802792a5f79416fee26703c864429a7a59a639c92fa484b8c4b3d68b"
      - name: sentry-browser-sdk
        path: "skills/sentry-browser-sdk/SKILL.md"
        hash: "sha256:04cd8583e771be05b43caedd2d6c88516ae0cf73e21154f32fe68eb957da98a0"
      - name: sentry-cloudflare-sdk
        path: "skills/sentry-cloudflare-sdk/SKILL.md"
        hash: "sha256:db858e48836a8afe4d0fae8ea7977de1ba3777e17503a5d587488eb104d9ed4f"
      - name: sentry-cocoa-sdk
        path: "skills/sentry-cocoa-sdk/SKILL.md"
        hash: "sha256:19833661c8a2d76cd261df48511c78098b6717bd020454a3431403e7286d1b65"
      - name: sentry-code-review
        path: "skills/sentry-code-review/SKILL.md"
        hash: "sha256:6840dfd4a436e690cd11ba3fc567a577a1d782997f709284f9ff0221e54f8027"
      - name: sentry-create-alert
        path: "skills/sentry-create-alert/SKILL.md"
        hash: "sha256:c83214773a0da23d78b6139e1053d9a069ab699dc5b88e273adeef338b02b093"
      - name: sentry-dotnet-sdk
        path: "skills/sentry-dotnet-sdk/SKILL.md"
        hash: "sha256:69a27bb6f2dcc0e715c93504afa404188b95a568afd7e191bdbcc1fb5049bc13"
      - name: sentry-elixir-sdk
        path: "skills/sentry-elixir-sdk/SKILL.md"
        hash: "sha256:45bc7edd8b1cb803f3764aa23b39364ddb4be9068b548ec437966ce71bb92c2d"
      - name: sentry-feature-setup
        path: "skills/sentry-feature-setup/SKILL.md"
        hash: "sha256:4ebb14c6745f6ccac164e0c2e0f2240de30020840a5e1f69df4cfb3879c4cdc5"
      - name: sentry-fix-issues
        path: "skills/sentry-fix-issues/SKILL.md"
        hash: "sha256:4a9c16f79980b61ab20366c84be252f1c21a6e36e60c3b9ee20b8d5d9fd3a56f"
      - name: sentry-flutter-sdk
        path: "skills/sentry-flutter-sdk/SKILL.md"
        hash: "sha256:a19f90986c450e14a4aaa63dac6fb2676a2701af6a37e7c046fda745d210e985"
      - name: sentry-go-sdk
        path: "skills/sentry-go-sdk/SKILL.md"
        hash: "sha256:9133459b7a775654da3f571c8966c6271dc8c8822390f15d6369be5e6621f615"
      - name: sentry-nestjs-sdk
        path: "skills/sentry-nestjs-sdk/SKILL.md"
        hash: "sha256:e889e3dcda92beb4c449460c1934f5837749a4dc23716afd704e035ed0f3a7c5"
      - name: sentry-nextjs-sdk
        path: "skills/sentry-nextjs-sdk/SKILL.md"
        hash: "sha256:ef3b5ff744d64fe09b3811062309914b03c833cc179f1be6fe2acb813e7c9b2b"
      - name: sentry-node-sdk
        path: "skills/sentry-node-sdk/SKILL.md"
        hash: "sha256:a284bb60e59bb485c298050b6329b1f2198512ceb1bc8697f431dc5141a6bfdf"
      - name: sentry-otel-exporter-setup
        path: "skills/sentry-otel-exporter-setup/SKILL.md"
        hash: "sha256:59a706b463b51d573326067a43003d61efab8db51f4582e8594755b611c0c4c5"
      - name: sentry-php-sdk
        path: "skills/sentry-php-sdk/SKILL.md"
        hash: "sha256:050eb665e4132c2e6ed94013dee4b9d9104b079a768b913a112165a687762bf2"
      - name: sentry-pr-code-review
        path: "skills/sentry-pr-code-review/SKILL.md"
        hash: "sha256:6ca34c67aa9a98a7559d489d4a1e91b914b4e753040a3b48a7c705a7f2a12c76"
      - name: sentry-python-sdk
        path: "skills/sentry-python-sdk/SKILL.md"
        hash: "sha256:1bd53585d7320fcd5554942b6c01ddf93f9954a85262813be84775a8e4d232e6"
      - name: sentry-react-native-sdk
        path: "skills/sentry-react-native-sdk/SKILL.md"
        hash: "sha256:1607e7f9ef0f1167b371e77503f719b5bc12f0c97fabb7e855337486d24a105a"
      - name: sentry-react-sdk
        path: "skills/sentry-react-sdk/SKILL.md"
        hash: "sha256:22c57d7d96ec1ba2b534c9cc0a27f809f92164867067990a5d9b9dbb79a4f550"
      - name: sentry-ruby-sdk
        path: "skills/sentry-ruby-sdk/SKILL.md"
        hash: "sha256:3283f04489001d804a754f04d79bcf91ba4be6d99cee1ee79de2f82ad41774a7"
      - name: sentry-sdk-setup
        path: "skills/sentry-sdk-setup/SKILL.md"
        hash: "sha256:9419fc36c68a513e040270847effda853338e54f81ef060afb4bc8da7442dace"
      - name: sentry-sdk-skill-creator
        path: "skills/sentry-sdk-skill-creator/SKILL.md"
        hash: "sha256:99d78bfca54ea162e76c0fb30a5f36db61714af7302cb2fee8d61b77686adb03"
      - name: sentry-sdk-upgrade
        path: "skills/sentry-sdk-upgrade/SKILL.md"
        hash: "sha256:3573b864d6a5325f5ee8e7aea3fae015a2269e33f9025e91b143445e85e67d7b"
      - name: sentry-setup-ai-monitoring
        path: "skills/sentry-setup-ai-monitoring/SKILL.md"
        hash: "sha256:67e179642e27c603b485be23f45f2dc3d468d5579aac7341642406dfa4cf38b4"
      - name: sentry-svelte-sdk
        path: "skills/sentry-svelte-sdk/SKILL.md"
        hash: "sha256:5778ee716ffc5f70765baef4eff7342c02a1610f3ee37c4189e1bfd0211f8bbb"
      - name: sentry-workflow
        path: "skills/sentry-workflow/SKILL.md"
        hash: "sha256:baa8dee53af3be96de34d298b7e577e2d9d54ae6a1e31b8f6e8635d18fe008a2"
  - name: slack-mcp
    version: "latest"
    source: "https://claude.com/plugins/slack-mcp"
    snapshot_date: "2026-03-21"
    vendor_path: "./vendor/slack-mcp-latest"
    license: "See LICENSE file"
    quality_check:
      passed: true
      checked_at: "2026-03-21"
    skills:
      - name: slack-messaging
        path: "skills/slack-messaging/SKILL.md"
        hash: "sha256:85764dfa6090302bdb9548af4afc118e65dc47c0b07db730769424d20a1618a2"
      - name: slack-search
        path: "skills/slack-search/SKILL.md"
        hash: "sha256:8f91e9a792a7492d7d1a47afa4786f30289a881c830b1b915e315bb57da3c77e"
  - name: sourcegraph
    version: "latest"
    source: "https://claude.com/plugins/sourcegraph"
    snapshot_date: "2026-03-21"
    vendor_path: "./vendor/sourcegraph-latest"
    license: "See individual files"
    quality_check:
      passed: true
      checked_at: "2026-03-21"
    skills:
      - name: searching-sourcegraph
        path: "skills/searching-sourcegraph/SKILL.md"
        hash: "sha256:56b471b47406775a969745fd160cc2cdf9117f0fbe1ea4c5fdc6542f8087836f"
